{
  "version": 4,
  "terraform_version": "1.14.8",
  "serial": 10,
  "lineage": "24d62cb6-3c7c-c29e-25ca-e6620885f207",
  "outputs": {
    "resource_group_id": {
      "value": "/subscriptions/ef9223f8-4fc7-4ede-9d2d-65e666aca619/resourceGroups/development-resources",
      "type": "string"
    },
    "subscription_info": {
      "value": "Azure subscription 1-(ef9223f8-4fc7-4ede-9d2d-65e666aca619)",
      "type": "string"
    },
    "tenant_id": {
      "value": "97ed48f1-752c-4fb0-84b3-aa047cbd37f6",
      "type": "string",
      "sensitive": true
    },
    "vnet_id": {
      "value": "/subscriptions/ef9223f8-4fc7-4ede-9d2d-65e666aca619/resourceGroups/development-resources/providers/Microsoft.Network/virtualNetworks/development-network",
      "type": "string"
    }
  },
  "resources": [
    {
      "mode": "data",
      "type": "azurerm_client_config",
      "name": "current",
      "provider": "provider[\"registry.terraform.io/hashicorp/azurerm\"]",
      "instances": [
        {
          "schema_version": 0,
          "attributes": {
            "client_id": "04b07795-8ddb-461a-bbee-02f9e1bf7b46",
            "id": "Y2xpZW50Q29uZmlncy9jbGllbnRJZD0wNGIwNzc5NS04ZGRiLTQ2MWEtYmJlZS0wMmY5ZTFiZjdiNDY7b2JqZWN0SWQ9OTY2OGYwODEtN2M5Ni00NjZiLWJkZmItZmU1NTZlZmQyYTY5O3N1YnNjcmlwdGlvbklkPWVmOTIyM2Y4LTRmYzctNGVkZS05ZDJkLTY1ZTY2NmFjYTYxOTt0ZW5hbnRJZD05N2VkNDhmMS03NTJjLTRmYjAtODRiMy1hYTA0N2NiZDM3ZjY=",
            "object_id": "9668f081-7c96-466b-bdfb-fe556efd2a69",
            "subscription_id": "ef9223f8-4fc7-4ede-9d2d-65e666aca619",
            "tenant_id": "97ed48f1-752c-4fb0-84b3-aa047cbd37f6",
            "timeouts": null
          },
          "sensitive_attributes": [],
          "identity_schema_version": 0
        }
      ]
    },
    {
      "mode": "data",
      "type": "azurerm_subscription",
      "name": "current",
      "provider": "provider[\"registry.terraform.io/hashicorp/azurerm\"]",
      "instances": [
        {
          "schema_version": 0,
          "attributes": {
            "display_name": "Azure subscription 1",
            "id": "/subscriptions/ef9223f8-4fc7-4ede-9d2d-65e666aca619",
            "location_placement_id": "Public_2014-09-01",
            "quota_id": "PayAsYouGo_2014-09-01",
            "spending_limit": "Off",
            "state": "Enabled",
            "subscription_id": "ef9223f8-4fc7-4ede-9d2d-65e666aca619",
            "tags": {},
            "tenant_id": "97ed48f1-752c-4fb0-84b3-aa047cbd37f6",
            "timeouts": null
          },
          "sensitive_attributes": [],
          "identity_schema_version": 0
        }
      ]
    },
    {
      "mode": "managed",
      "type": "azurerm_resource_group",
      "name": "production",
      "provider": "provider[\"registry.terraform.io/hashicorp/azurerm\"]",
      "instances": [
        {
          "schema_version": 0,
          "attributes": {
            "id": "/subscriptions/ef9223f8-4fc7-4ede-9d2d-65e666aca619/resourceGroups/development-resources",
            "location": "polandcentral",
            "managed_by": "",
            "name": "development-resources",
            "tags": {
              "Environment": "development",
              "ManagedBy": "terraform",
              "Project": "dynamic-infrastructure",
              "Region": "polandcentral",
              "Subscription": "Azure subscription 1",
              "TenantId": "97ed48f1-752c-4fb0-84b3-aa047cbd37f6"
            },
            "timeouts": null
          },
          "sensitive_attributes": [],
          "identity_schema_version": 0,
          "identity": {
            "name": "development-resources",
            "subscription_id": "ef9223f8-4fc7-4ede-9d2d-65e666aca619"
          },
          "private": "eyJlMmJmYjczMC1lY2FhLTExZTYtOGY4OC0zNDM2M2JjN2M0YzAiOnsiY3JlYXRlIjo1NDAwMDAwMDAwMDAwLCJkZWxldGUiOjU0MDAwMDAwMDAwMDAsInJlYWQiOjMwMDAwMDAwMDAwMCwidXBkYXRlIjo1NDAwMDAwMDAwMDAwfX0=",
          "dependencies": [
            "data.azurerm_client_config.current",
            "data.azurerm_subscription.current"
          ]
        }
      ]
    },
    {
      "mode": "managed",
      "type": "azurerm_subnet",
      "name": "private",
      "provider": "provider[\"registry.terraform.io/hashicorp/azurerm\"]",
      "instances": [
        {
          "schema_version": 0,
          "attributes": {
            "address_prefixes": [
              "172.16.1.0/24"
            ],
            "default_outbound_access_enabled": true,
            "delegation": [],
            "id": "/subscriptions/ef9223f8-4fc7-4ede-9d2d-65e666aca619/resourceGroups/development-resources/providers/Microsoft.Network/virtualNetworks/development-network/subnets/development-subnet",
            "ip_address_pool": [],
            "name": "development-subnet",
            "private_endpoint_network_policies": "Disabled",
            "private_link_service_network_policies_enabled": true,
            "resource_group_name": "development-resources",
            "service_endpoint_policy_ids": [],
            "service_endpoints": [],
            "sharing_scope": "",
            "timeouts": null,
            "virtual_network_name": "development-network"
          },
          "sensitive_attributes": [],
          "identity_schema_version": 0,
          "identity": {
            "name": "development-subnet",
            "resource_group_name": "development-resources",
            "subscription_id": "ef9223f8-4fc7-4ede-9d2d-65e666aca619",
            "virtual_network_name": "development-network"
          },
          "private": "eyJlMmJmYjczMC1lY2FhLTExZTYtOGY4OC0zNDM2M2JjN2M0YzAiOnsiY3JlYXRlIjoxODAwMDAwMDAwMDAwLCJkZWxldGUiOjE4MDAwMDAwMDAwMDAsInJlYWQiOjMwMDAwMDAwMDAwMCwidXBkYXRlIjoxODAwMDAwMDAwMDAwfX0=",
          "dependencies": [
            "azurerm_resource_group.production",
            "azurerm_virtual_network.production",
            "data.azurerm_client_config.current",
            "data.azurerm_subscription.current"
          ]
        }
      ]
    },
    {
      "mode": "managed",
      "type": "azurerm_virtual_network",
      "name": "production",
      "provider": "provider[\"registry.terraform.io/hashicorp/azurerm\"]",
      "instances": [
        {
          "schema_version": 0,
          "attributes": {
            "address_space": [
              "172.16.0.0/16"
            ],
            "bgp_community": "",
            "ddos_protection_plan": [],
            "dns_servers": [],
            "edge_zone": "",
            "encryption": [],
            "flow_timeout_in_minutes": 0,
            "guid": "c9698f79-a7ee-47e7-ace0-f0fd749e0aea",
            "id": "/subscriptions/ef9223f8-4fc7-4ede-9d2d-65e666aca619/resourceGroups/development-resources/providers/Microsoft.Network/virtualNetworks/development-network",
            "ip_address_pool": [],
            "location": "polandcentral",
            "name": "development-network",
            "private_endpoint_vnet_policies": "Disabled",
            "resource_group_name": "development-resources",
            "subnet": [
              {
                "address_prefixes": [
                  "172.16.1.0/24"
                ],
                "default_outbound_access_enabled": true,
                "delegation": [],
                "id": "/subscriptions/ef9223f8-4fc7-4ede-9d2d-65e666aca619/resourceGroups/development-resources/providers/Microsoft.Network/virtualNetworks/development-network/subnets/development-subnet",
                "name": "development-subnet",
                "private_endpoint_network_policies": "Disabled",
                "private_link_service_network_policies_enabled": true,
                "route_table_id": "",
                "security_group": "",
                "service_endpoint_policy_ids": [],
                "service_endpoints": []
              }
            ],
            "tags": {
              "Environment": "development",
              "ManagedBy": "terraform",
              "Project": "dynamic-infrastructure",
              "Region": "polandcentral",
              "Subscription": "Azure subscription 1",
              "TenantId": "97ed48f1-752c-4fb0-84b3-aa047cbd37f6"
            },
            "timeouts": null
          },
          "sensitive_attributes": [],
          "identity_schema_version": 0,
          "identity": {
            "name": "development-network",
            "resource_group_name": "development-resources",
            "subscription_id": "ef9223f8-4fc7-4ede-9d2d-65e666aca619"
          },
          "private": "eyJlMmJmYjczMC1lY2FhLTExZTYtOGY4OC0zNDM2M2JjN2M0YzAiOnsiY3JlYXRlIjoxODAwMDAwMDAwMDAwLCJkZWxldGUiOjE4MDAwMDAwMDAwMDAsInJlYWQiOjMwMDAwMDAwMDAwMCwidXBkYXRlIjoxODAwMDAwMDAwMDAwfX0=",
          "dependencies": [
            "azurerm_resource_group.production",
            "data.azurerm_client_config.current",
            "data.azurerm_subscription.current"
          ]
        }
      ]
    }
  ],
  "check_results": null
}
