{
  "version": 4,
  "terraform_version": "1.14.8",
  "serial": 29,
  "lineage": "df69a688-a070-d7a3-9c47-9c8000060724",
  "outputs": {},
  "resources": [
    {
      "mode": "managed",
      "type": "azurerm_network_security_group",
      "name": "nsg_foreach",
      "provider": "provider[\"registry.terraform.io/hashicorp/azurerm\"]",
      "instances": [
        {
          "index_key": "app",
          "schema_version": 0,
          "attributes": {
            "id": "/subscriptions/ef9223f8-4fc7-4ede-9d2d-65e666aca619/resourceGroups/main-resources/providers/Microsoft.Network/networkSecurityGroups/nsg-app",
            "location": "eastus",
            "name": "nsg-app",
            "resource_group_name": "main-resources",
            "security_rule": [
              {
                "access": "Allow",
                "description": "",
                "destination_address_prefix": "*",
                "destination_address_prefixes": [],
                "destination_application_security_group_ids": [],
                "destination_port_range": "8080",
                "destination_port_ranges": [],
                "direction": "Inbound",
                "name": "allow-app",
                "priority": 100,
                "protocol": "Tcp",
                "source_address_prefix": "*",
                "source_address_prefixes": [],
                "source_application_security_group_ids": [],
                "source_port_range": "*",
                "source_port_ranges": []
              }
            ],
            "tags": {
              "Environment": "Development",
              "Service": "app"
            },
            "timeouts": null
          },
          "sensitive_attributes": [],
          "identity_schema_version": 0,
          "identity": {
            "name": "nsg-app",
            "resource_group_name": "main-resources",
            "subscription_id": "ef9223f8-4fc7-4ede-9d2d-65e666aca619"
          },
          "private": "eyJlMmJmYjczMC1lY2FhLTExZTYtOGY4OC0zNDM2M2JjN2M0YzAiOnsiY3JlYXRlIjoxODAwMDAwMDAwMDAwLCJkZWxldGUiOjE4MDAwMDAwMDAwMDAsInJlYWQiOjMwMDAwMDAwMDAwMCwidXBkYXRlIjoxODAwMDAwMDAwMDAwfX0=",
          "dependencies": [
            "azurerm_resource_group.main"
          ]
        },
        {
          "index_key": "db",
          "schema_version": 0,
          "attributes": {
            "id": "/subscriptions/ef9223f8-4fc7-4ede-9d2d-65e666aca619/resourceGroups/main-resources/providers/Microsoft.Network/networkSecurityGroups/nsg-db",
            "location": "eastus",
            "name": "nsg-db",
            "resource_group_name": "main-resources",
            "security_rule": [
              {
                "access": "Allow",
                "description": "",
                "destination_address_prefix": "*",
                "destination_address_prefixes": [],
                "destination_application_security_group_ids": [],
                "destination_port_range": "3306",
                "destination_port_ranges": [],
                "direction": "Inbound",
                "name": "allow-db",
                "priority": 100,
                "protocol": "Tcp",
                "source_address_prefix": "*",
                "source_address_prefixes": [],
                "source_application_security_group_ids": [],
                "source_port_range": "*",
                "source_port_ranges": []
              }
            ],
            "tags": {
              "Environment": "Development",
              "Service": "db"
            },
            "timeouts": null
          },
          "sensitive_attributes": [],
          "identity_schema_version": 0,
          "identity": {
            "name": "nsg-db",
            "resource_group_name": "main-resources",
            "subscription_id": "ef9223f8-4fc7-4ede-9d2d-65e666aca619"
          },
          "private": "eyJlMmJmYjczMC1lY2FhLTExZTYtOGY4OC0zNDM2M2JjN2M0YzAiOnsiY3JlYXRlIjoxODAwMDAwMDAwMDAwLCJkZWxldGUiOjE4MDAwMDAwMDAwMDAsInJlYWQiOjMwMDAwMDAwMDAwMCwidXBkYXRlIjoxODAwMDAwMDAwMDAwfX0=",
          "dependencies": [
            "azurerm_resource_group.main"
          ]
        },
        {
          "index_key": "http",
          "schema_version": 0,
          "attributes": {
            "id": "/subscriptions/ef9223f8-4fc7-4ede-9d2d-65e666aca619/resourceGroups/main-resources/providers/Microsoft.Network/networkSecurityGroups/nsg-http",
            "location": "eastus",
            "name": "nsg-http",
            "resource_group_name": "main-resources",
            "security_rule": [
              {
                "access": "Allow",
                "description": "",
                "destination_address_prefix": "*",
                "destination_address_prefixes": [],
                "destination_application_security_group_ids": [],
                "destination_port_range": "80",
                "destination_port_ranges": [],
                "direction": "Inbound",
                "name": "allow-http",
                "priority": 100,
                "protocol": "Tcp",
                "source_address_prefix": "*",
                "source_address_prefixes": [],
                "source_application_security_group_ids": [],
                "source_port_range": "*",
                "source_port_ranges": []
              }
            ],
            "tags": {
              "Environment": "Development",
              "Service": "http"
            },
            "timeouts": null
          },
          "sensitive_attributes": [],
          "identity_schema_version": 0,
          "identity": {
            "name": "nsg-http",
            "resource_group_name": "main-resources",
            "subscription_id": "ef9223f8-4fc7-4ede-9d2d-65e666aca619"
          },
          "private": "eyJlMmJmYjczMC1lY2FhLTExZTYtOGY4OC0zNDM2M2JjN2M0YzAiOnsiY3JlYXRlIjoxODAwMDAwMDAwMDAwLCJkZWxldGUiOjE4MDAwMDAwMDAwMDAsInJlYWQiOjMwMDAwMDAwMDAwMCwidXBkYXRlIjoxODAwMDAwMDAwMDAwfX0=",
          "dependencies": [
            "azurerm_resource_group.main"
          ]
        },
        {
          "index_key": "https",
          "schema_version": 0,
          "attributes": {
            "id": "/subscriptions/ef9223f8-4fc7-4ede-9d2d-65e666aca619/resourceGroups/main-resources/providers/Microsoft.Network/networkSecurityGroups/nsg-https",
            "location": "eastus",
            "name": "nsg-https",
            "resource_group_name": "main-resources",
            "security_rule": [
              {
                "access": "Allow",
                "description": "",
                "destination_address_prefix": "*",
                "destination_address_prefixes": [],
                "destination_application_security_group_ids": [],
                "destination_port_range": "443",
                "destination_port_ranges": [],
                "direction": "Inbound",
                "name": "allow-https",
                "priority": 100,
                "protocol": "Tcp",
                "source_address_prefix": "*",
                "source_address_prefixes": [],
                "source_application_security_group_ids": [],
                "source_port_range": "*",
                "source_port_ranges": []
              }
            ],
            "tags": {
              "Environment": "Development",
              "Service": "https"
            },
            "timeouts": null
          },
          "sensitive_attributes": [],
          "identity_schema_version": 0,
          "identity": {
            "name": "nsg-https",
            "resource_group_name": "main-resources",
            "subscription_id": "ef9223f8-4fc7-4ede-9d2d-65e666aca619"
          },
          "private": "eyJlMmJmYjczMC1lY2FhLTExZTYtOGY4OC0zNDM2M2JjN2M0YzAiOnsiY3JlYXRlIjoxODAwMDAwMDAwMDAwLCJkZWxldGUiOjE4MDAwMDAwMDAwMDAsInJlYWQiOjMwMDAwMDAwMDAwMCwidXBkYXRlIjoxODAwMDAwMDAwMDAwfX0=",
          "dependencies": [
            "azurerm_resource_group.main"
          ]
        }
      ]
    },
    {
      "mode": "managed",
      "type": "azurerm_resource_group",
      "name": "main",
      "provider": "provider[\"registry.terraform.io/hashicorp/azurerm\"]",
      "instances": [
        {
          "schema_version": 0,
          "attributes": {
            "id": "/subscriptions/ef9223f8-4fc7-4ede-9d2d-65e666aca619/resourceGroups/main-resources",
            "location": "eastus",
            "managed_by": "",
            "name": "main-resources",
            "tags": {
              "Environment": "Development"
            },
            "timeouts": null
          },
          "sensitive_attributes": [],
          "identity_schema_version": 0,
          "identity": {
            "name": "main-resources",
            "subscription_id": "ef9223f8-4fc7-4ede-9d2d-65e666aca619"
          },
          "private": "eyJlMmJmYjczMC1lY2FhLTExZTYtOGY4OC0zNDM2M2JjN2M0YzAiOnsiY3JlYXRlIjo1NDAwMDAwMDAwMDAwLCJkZWxldGUiOjU0MDAwMDAwMDAwMDAsInJlYWQiOjMwMDAwMDAwMDAwMCwidXBkYXRlIjo1NDAwMDAwMDAwMDAwfX0="
        }
      ]
    },
    {
      "mode": "managed",
      "type": "azurerm_subnet",
      "name": "subnet_foreach",
      "provider": "provider[\"registry.terraform.io/hashicorp/azurerm\"]",
      "instances": [
        {
          "index_key": "app",
          "schema_version": 0,
          "attributes": {
            "address_prefixes": [
              "10.10.2.0/24"
            ],
            "default_outbound_access_enabled": true,
            "delegation": [],
            "id": "/subscriptions/ef9223f8-4fc7-4ede-9d2d-65e666aca619/resourceGroups/main-resources/providers/Microsoft.Network/virtualNetworks/vnet-production/subnets/subnet-app",
            "ip_address_pool": [],
            "name": "subnet-app",
            "private_endpoint_network_policies": "Disabled",
            "private_link_service_network_policies_enabled": true,
            "resource_group_name": "main-resources",
            "service_endpoint_policy_ids": [],
            "service_endpoints": [],
            "sharing_scope": "",
            "timeouts": null,
            "virtual_network_name": "vnet-production"
          },
          "sensitive_attributes": [],
          "identity_schema_version": 0,
          "identity": {
            "name": "subnet-app",
            "resource_group_name": "main-resources",
            "subscription_id": "ef9223f8-4fc7-4ede-9d2d-65e666aca619",
            "virtual_network_name": "vnet-production"
          },
          "private": "eyJlMmJmYjczMC1lY2FhLTExZTYtOGY4OC0zNDM2M2JjN2M0YzAiOnsiY3JlYXRlIjoxODAwMDAwMDAwMDAwLCJkZWxldGUiOjE4MDAwMDAwMDAwMDAsInJlYWQiOjMwMDAwMDAwMDAwMCwidXBkYXRlIjoxODAwMDAwMDAwMDAwfX0=",
          "dependencies": [
            "azurerm_resource_group.main",
            "azurerm_virtual_network.vnet_foreach"
          ]
        },
        {
          "index_key": "data",
          "schema_version": 0,
          "attributes": {
            "address_prefixes": [
              "10.10.3.0/24"
            ],
            "default_outbound_access_enabled": true,
            "delegation": [],
            "id": "/subscriptions/ef9223f8-4fc7-4ede-9d2d-65e666aca619/resourceGroups/main-resources/providers/Microsoft.Network/virtualNetworks/vnet-production/subnets/subnet-data",
            "ip_address_pool": [],
            "name": "subnet-data",
            "private_endpoint_network_policies": "Disabled",
            "private_link_service_network_policies_enabled": true,
            "resource_group_name": "main-resources",
            "service_endpoint_policy_ids": [],
            "service_endpoints": [],
            "sharing_scope": "",
            "timeouts": null,
            "virtual_network_name": "vnet-production"
          },
          "sensitive_attributes": [],
          "identity_schema_version": 0,
          "identity": {
            "name": "subnet-data",
            "resource_group_name": "main-resources",
            "subscription_id": "ef9223f8-4fc7-4ede-9d2d-65e666aca619",
            "virtual_network_name": "vnet-production"
          },
          "private": "eyJlMmJmYjczMC1lY2FhLTExZTYtOGY4OC0zNDM2M2JjN2M0YzAiOnsiY3JlYXRlIjoxODAwMDAwMDAwMDAwLCJkZWxldGUiOjE4MDAwMDAwMDAwMDAsInJlYWQiOjMwMDAwMDAwMDAwMCwidXBkYXRlIjoxODAwMDAwMDAwMDAwfX0=",
          "dependencies": [
            "azurerm_resource_group.main",
            "azurerm_virtual_network.vnet_foreach"
          ]
        },
        {
          "index_key": "web",
          "schema_version": 0,
          "attributes": {
            "address_prefixes": [
              "10.10.1.0/24"
            ],
            "default_outbound_access_enabled": true,
            "delegation": [],
            "id": "/subscriptions/ef9223f8-4fc7-4ede-9d2d-65e666aca619/resourceGroups/main-resources/providers/Microsoft.Network/virtualNetworks/vnet-production/subnets/subnet-web",
            "ip_address_pool": [],
            "name": "subnet-web",
            "private_endpoint_network_policies": "Disabled",
            "private_link_service_network_policies_enabled": true,
            "resource_group_name": "main-resources",
            "service_endpoint_policy_ids": [],
            "service_endpoints": [],
            "sharing_scope": "",
            "timeouts": null,
            "virtual_network_name": "vnet-production"
          },
          "sensitive_attributes": [],
          "identity_schema_version": 0,
          "identity": {
            "name": "subnet-web",
            "resource_group_name": "main-resources",
            "subscription_id": "ef9223f8-4fc7-4ede-9d2d-65e666aca619",
            "virtual_network_name": "vnet-production"
          },
          "private": "eyJlMmJmYjczMC1lY2FhLTExZTYtOGY4OC0zNDM2M2JjN2M0YzAiOnsiY3JlYXRlIjoxODAwMDAwMDAwMDAwLCJkZWxldGUiOjE4MDAwMDAwMDAwMDAsInJlYWQiOjMwMDAwMDAwMDAwMCwidXBkYXRlIjoxODAwMDAwMDAwMDAwfX0=",
          "dependencies": [
            "azurerm_resource_group.main",
            "azurerm_virtual_network.vnet_foreach"
          ]
        }
      ]
    },
    {
      "mode": "managed",
      "type": "azurerm_virtual_network",
      "name": "vnet_count",
      "provider": "provider[\"registry.terraform.io/hashicorp/azurerm\"]",
      "instances": [
        {
          "index_key": 0,
          "schema_version": 0,
          "attributes": {
            "address_space": [
              "10.0.0.0/16"
            ],
            "bgp_community": "",
            "ddos_protection_plan": [],
            "dns_servers": [],
            "edge_zone": "",
            "encryption": [],
            "flow_timeout_in_minutes": 0,
            "guid": "af5d6b6f-5933-4aff-9a48-ae0bb77e60c7",
            "id": "/subscriptions/ef9223f8-4fc7-4ede-9d2d-65e666aca619/resourceGroups/main-resources/providers/Microsoft.Network/virtualNetworks/vnet-count-1",
            "ip_address_pool": [],
            "location": "eastus",
            "name": "vnet-count-1",
            "private_endpoint_vnet_policies": "Disabled",
            "resource_group_name": "main-resources",
            "subnet": [],
            "tags": {
              "Environment": "Development",
              "Network": "Network-1"
            },
            "timeouts": null
          },
          "sensitive_attributes": [],
          "identity_schema_version": 0,
          "identity": {
            "name": "vnet-count-1",
            "resource_group_name": "main-resources",
            "subscription_id": "ef9223f8-4fc7-4ede-9d2d-65e666aca619"
          },
          "private": "eyJlMmJmYjczMC1lY2FhLTExZTYtOGY4OC0zNDM2M2JjN2M0YzAiOnsiY3JlYXRlIjoxODAwMDAwMDAwMDAwLCJkZWxldGUiOjE4MDAwMDAwMDAwMDAsInJlYWQiOjMwMDAwMDAwMDAwMCwidXBkYXRlIjoxODAwMDAwMDAwMDAwfX0=",
          "dependencies": [
            "azurerm_resource_group.main"
          ]
        },
        {
          "index_key": 1,
          "schema_version": 0,
          "attributes": {
            "address_space": [
              "10.1.0.0/16"
            ],
            "bgp_community": "",
            "ddos_protection_plan": [],
            "dns_servers": [],
            "edge_zone": "",
            "encryption": [],
            "flow_timeout_in_minutes": 0,
            "guid": "ccbf42d2-3986-46b2-819e-0b31611ec66d",
            "id": "/subscriptions/ef9223f8-4fc7-4ede-9d2d-65e666aca619/resourceGroups/main-resources/providers/Microsoft.Network/virtualNetworks/vnet-count-2",
            "ip_address_pool": [],
            "location": "eastus",
            "name": "vnet-count-2",
            "private_endpoint_vnet_policies": "Disabled",
            "resource_group_name": "main-resources",
            "subnet": [],
            "tags": {
              "Environment": "Development",
              "Network": "Network-2"
            },
            "timeouts": null
          },
          "sensitive_attributes": [],
          "identity_schema_version": 0,
          "identity": {
            "name": "vnet-count-2",
            "resource_group_name": "main-resources",
            "subscription_id": "ef9223f8-4fc7-4ede-9d2d-65e666aca619"
          },
          "private": "eyJlMmJmYjczMC1lY2FhLTExZTYtOGY4OC0zNDM2M2JjN2M0YzAiOnsiY3JlYXRlIjoxODAwMDAwMDAwMDAwLCJkZWxldGUiOjE4MDAwMDAwMDAwMDAsInJlYWQiOjMwMDAwMDAwMDAwMCwidXBkYXRlIjoxODAwMDAwMDAwMDAwfX0=",
          "dependencies": [
            "azurerm_resource_group.main"
          ]
        },
        {
          "index_key": 2,
          "schema_version": 0,
          "attributes": {
            "address_space": [
              "10.2.0.0/16"
            ],
            "bgp_community": "",
            "ddos_protection_plan": [],
            "dns_servers": [],
            "edge_zone": "",
            "encryption": [],
            "flow_timeout_in_minutes": 0,
            "guid": "4cd7a923-b76c-4daf-b9dd-0ae6ff6a45e5",
            "id": "/subscriptions/ef9223f8-4fc7-4ede-9d2d-65e666aca619/resourceGroups/main-resources/providers/Microsoft.Network/virtualNetworks/vnet-count-3",
            "ip_address_pool": [],
            "location": "eastus",
            "name": "vnet-count-3",
            "private_endpoint_vnet_policies": "Disabled",
            "resource_group_name": "main-resources",
            "subnet": [],
            "tags": {
              "Environment": "Development",
              "Network": "Network-3"
            },
            "timeouts": null
          },
          "sensitive_attributes": [],
          "identity_schema_version": 0,
          "identity": {
            "name": "vnet-count-3",
            "resource_group_name": "main-resources",
            "subscription_id": "ef9223f8-4fc7-4ede-9d2d-65e666aca619"
          },
          "private": "eyJlMmJmYjczMC1lY2FhLTExZTYtOGY4OC0zNDM2M2JjN2M0YzAiOnsiY3JlYXRlIjoxODAwMDAwMDAwMDAwLCJkZWxldGUiOjE4MDAwMDAwMDAwMDAsInJlYWQiOjMwMDAwMDAwMDAwMCwidXBkYXRlIjoxODAwMDAwMDAwMDAwfX0=",
          "dependencies": [
            "azurerm_resource_group.main"
          ]
        }
      ]
    },
    {
      "mode": "managed",
      "type": "azurerm_virtual_network",
      "name": "vnet_foreach",
      "provider": "provider[\"registry.terraform.io/hashicorp/azurerm\"]",
      "instances": [
        {
          "index_key": "development",
          "schema_version": 0,
          "attributes": {
            "address_space": [
              "10.12.0.0/16"
            ],
            "bgp_community": "",
            "ddos_protection_plan": [],
            "dns_servers": [],
            "edge_zone": "",
            "encryption": [],
            "flow_timeout_in_minutes": 0,
            "guid": "9a7ab8a9-9569-4ba5-a72a-8eaccaf851fd",
            "id": "/subscriptions/ef9223f8-4fc7-4ede-9d2d-65e666aca619/resourceGroups/main-resources/providers/Microsoft.Network/virtualNetworks/vnet-development",
            "ip_address_pool": [],
            "location": "eastus",
            "name": "vnet-development",
            "private_endpoint_vnet_policies": "Disabled",
            "resource_group_name": "main-resources",
            "subnet": [],
            "tags": {
              "Environment": "Development",
              "Network": "Network-development"
            },
            "timeouts": null
          },
          "sensitive_attributes": [],
          "identity_schema_version": 0,
          "identity": {
            "name": "vnet-development",
            "resource_group_name": "main-resources",
            "subscription_id": "ef9223f8-4fc7-4ede-9d2d-65e666aca619"
          },
          "private": "eyJlMmJmYjczMC1lY2FhLTExZTYtOGY4OC0zNDM2M2JjN2M0YzAiOnsiY3JlYXRlIjoxODAwMDAwMDAwMDAwLCJkZWxldGUiOjE4MDAwMDAwMDAwMDAsInJlYWQiOjMwMDAwMDAwMDAwMCwidXBkYXRlIjoxODAwMDAwMDAwMDAwfX0=",
          "dependencies": [
            "azurerm_resource_group.main"
          ]
        },
        {
          "index_key": "production",
          "schema_version": 0,
          "attributes": {
            "address_space": [
              "10.10.0.0/16"
            ],
            "bgp_community": "",
            "ddos_protection_plan": [],
            "dns_servers": [],
            "edge_zone": "",
            "encryption": [],
            "flow_timeout_in_minutes": 0,
            "guid": "fdb21170-e3a1-472e-af72-14dac9cbb5e0",
            "id": "/subscriptions/ef9223f8-4fc7-4ede-9d2d-65e666aca619/resourceGroups/main-resources/providers/Microsoft.Network/virtualNetworks/vnet-production",
            "ip_address_pool": [],
            "location": "eastus",
            "name": "vnet-production",
            "private_endpoint_vnet_policies": "Disabled",
            "resource_group_name": "main-resources",
            "subnet": [
              {
                "address_prefixes": [
                  "10.10.1.0/24"
                ],
                "default_outbound_access_enabled": true,
                "delegation": [],
                "id": "/subscriptions/ef9223f8-4fc7-4ede-9d2d-65e666aca619/resourceGroups/main-resources/providers/Microsoft.Network/virtualNetworks/vnet-production/subnets/subnet-web",
                "name": "subnet-web",
                "private_endpoint_network_policies": "Disabled",
                "private_link_service_network_policies_enabled": true,
                "route_table_id": "",
                "security_group": "",
                "service_endpoint_policy_ids": [],
                "service_endpoints": []
              },
              {
                "address_prefixes": [
                  "10.10.2.0/24"
                ],
                "default_outbound_access_enabled": true,
                "delegation": [],
                "id": "/subscriptions/ef9223f8-4fc7-4ede-9d2d-65e666aca619/resourceGroups/main-resources/providers/Microsoft.Network/virtualNetworks/vnet-production/subnets/subnet-app",
                "name": "subnet-app",
                "private_endpoint_network_policies": "Disabled",
                "private_link_service_network_policies_enabled": true,
                "route_table_id": "",
                "security_group": "",
                "service_endpoint_policy_ids": [],
                "service_endpoints": []
              },
              {
                "address_prefixes": [
                  "10.10.3.0/24"
                ],
                "default_outbound_access_enabled": true,
                "delegation": [],
                "id": "/subscriptions/ef9223f8-4fc7-4ede-9d2d-65e666aca619/resourceGroups/main-resources/providers/Microsoft.Network/virtualNetworks/vnet-production/subnets/subnet-data",
                "name": "subnet-data",
                "private_endpoint_network_policies": "Disabled",
                "private_link_service_network_policies_enabled": true,
                "route_table_id": "",
                "security_group": "",
                "service_endpoint_policy_ids": [],
                "service_endpoints": []
              }
            ],
            "tags": {
              "Environment": "Development",
              "Network": "Network-production"
            },
            "timeouts": null
          },
          "sensitive_attributes": [],
          "identity_schema_version": 0,
          "identity": {
            "name": "vnet-production",
            "resource_group_name": "main-resources",
            "subscription_id": "ef9223f8-4fc7-4ede-9d2d-65e666aca619"
          },
          "private": "eyJlMmJmYjczMC1lY2FhLTExZTYtOGY4OC0zNDM2M2JjN2M0YzAiOnsiY3JlYXRlIjoxODAwMDAwMDAwMDAwLCJkZWxldGUiOjE4MDAwMDAwMDAwMDAsInJlYWQiOjMwMDAwMDAwMDAwMCwidXBkYXRlIjoxODAwMDAwMDAwMDAwfX0=",
          "dependencies": [
            "azurerm_resource_group.main"
          ]
        },
        {
          "index_key": "staging",
          "schema_version": 0,
          "attributes": {
            "address_space": [
              "10.11.0.0/16"
            ],
            "bgp_community": "",
            "ddos_protection_plan": [],
            "dns_servers": [],
            "edge_zone": "",
            "encryption": [],
            "flow_timeout_in_minutes": 0,
            "guid": "de210207-413e-474f-b486-fa2ecbcf8932",
            "id": "/subscriptions/ef9223f8-4fc7-4ede-9d2d-65e666aca619/resourceGroups/main-resources/providers/Microsoft.Network/virtualNetworks/vnet-staging",
            "ip_address_pool": [],
            "location": "eastus",
            "name": "vnet-staging",
            "private_endpoint_vnet_policies": "Disabled",
            "resource_group_name": "main-resources",
            "subnet": [],
            "tags": {
              "Environment": "Development",
              "Network": "Network-staging"
            },
            "timeouts": null
          },
          "sensitive_attributes": [],
          "identity_schema_version": 0,
          "identity": {
            "name": "vnet-staging",
            "resource_group_name": "main-resources",
            "subscription_id": "ef9223f8-4fc7-4ede-9d2d-65e666aca619"
          },
          "private": "eyJlMmJmYjczMC1lY2FhLTExZTYtOGY4OC0zNDM2M2JjN2M0YzAiOnsiY3JlYXRlIjoxODAwMDAwMDAwMDAwLCJkZWxldGUiOjE4MDAwMDAwMDAwMDAsInJlYWQiOjMwMDAwMDAwMDAwMCwidXBkYXRlIjoxODAwMDAwMDAwMDAwfX0=",
          "dependencies": [
            "azurerm_resource_group.main"
          ]
        }
      ]
    }
  ],
  "check_results": null
}
