{
  "version": 4,
  "terraform_version": "1.14.8",
  "serial": 20,
  "lineage": "24fbae9a-3c20-4c36-4d28-b40c1c526463",
  "outputs": {
    "app_subnet_id": {
      "value": "/subscriptions/ef9223f8-4fc7-4ede-9d2d-65e666aca619/resourceGroups/dev-tf-resources/providers/Microsoft.Network/virtualNetworks/dev-tf-vnet/subnets/dev-tf-app-subnet",
      "type": "string"
    },
    "db_subnet_id": {
      "value": "/subscriptions/ef9223f8-4fc7-4ede-9d2d-65e666aca619/resourceGroups/dev-tf-resources/providers/Microsoft.Network/virtualNetworks/dev-tf-vnet/subnets/dev-tf-db-subnet",
      "type": "string"
    },
    "nsg_id": {
      "value": "/subscriptions/ef9223f8-4fc7-4ede-9d2d-65e666aca619/resourceGroups/dev-tf-resources/providers/Microsoft.Network/networkSecurityGroups/dev-tf-web-nsg",
      "type": "string"
    },
    "resource_group_id": {
      "value": "/subscriptions/ef9223f8-4fc7-4ede-9d2d-65e666aca619/resourceGroups/dev-tf-resources",
      "type": "string"
    },
    "virtual_network_id": {
      "value": "/subscriptions/ef9223f8-4fc7-4ede-9d2d-65e666aca619/resourceGroups/dev-tf-resources/providers/Microsoft.Network/virtualNetworks/dev-tf-vnet",
      "type": "string"
    },
    "web_subnet_id": {
      "value": "/subscriptions/ef9223f8-4fc7-4ede-9d2d-65e666aca619/resourceGroups/dev-tf-resources/providers/Microsoft.Network/virtualNetworks/dev-tf-vnet/subnets/dev-tf-web-subnet",
      "type": "string"
    }
  },
  "resources": [
    {
      "mode": "data",
      "type": "azurerm_subscription",
      "name": "current",
      "provider": "provider[\"registry.terraform.io/hashicorp/azurerm\"]",
      "instances": [
        {
          "schema_version": 0,
          "attributes": {
            "display_name": "Azure subscription 1",
            "id": "/subscriptions/ef9223f8-4fc7-4ede-9d2d-65e666aca619",
            "location_placement_id": "Public_2014-09-01",
            "quota_id": "PayAsYouGo_2014-09-01",
            "spending_limit": "Off",
            "state": "Enabled",
            "subscription_id": "ef9223f8-4fc7-4ede-9d2d-65e666aca619",
            "tags": {},
            "tenant_id": "97ed48f1-752c-4fb0-84b3-aa047cbd37f6",
            "timeouts": null
          },
          "sensitive_attributes": [],
          "identity_schema_version": 0
        }
      ]
    },
    {
      "mode": "managed",
      "type": "azurerm_network_security_group",
      "name": "web",
      "provider": "provider[\"registry.terraform.io/hashicorp/azurerm\"]",
      "instances": [
        {
          "schema_version": 0,
          "attributes": {
            "id": "/subscriptions/ef9223f8-4fc7-4ede-9d2d-65e666aca619/resourceGroups/dev-tf-resources/providers/Microsoft.Network/networkSecurityGroups/dev-tf-web-nsg",
            "location": "eastus",
            "name": "dev-tf-web-nsg",
            "resource_group_name": "dev-tf-resources",
            "security_rule": [
              {
                "access": "Allow",
                "description": "",
                "destination_address_prefix": "*",
                "destination_address_prefixes": [],
                "destination_application_security_group_ids": [],
                "destination_port_range": "443",
                "destination_port_ranges": [],
                "direction": "Inbound",
                "name": "allow-https",
                "priority": 110,
                "protocol": "Tcp",
                "source_address_prefix": "*",
                "source_address_prefixes": [],
                "source_application_security_group_ids": [],
                "source_port_range": "*",
                "source_port_ranges": []
              },
              {
                "access": "Allow",
                "description": "",
                "destination_address_prefix": "*",
                "destination_address_prefixes": [],
                "destination_application_security_group_ids": [],
                "destination_port_range": "80",
                "destination_port_ranges": [],
                "direction": "Inbound",
                "name": "allow-http",
                "priority": 100,
                "protocol": "Tcp",
                "source_address_prefix": "*",
                "source_address_prefixes": [],
                "source_application_security_group_ids": [],
                "source_port_range": "*",
                "source_port_ranges": []
              }
            ],
            "tags": {
              "CostCenter": "cc-5678",
              "Environment": "dev",
              "ManagedBy": "terraform",
              "Name": "dev-tf-web-nsg",
              "Owner": "devops-team",
              "Project": "terraform-improved-demo",
              "Region": "eastus",
              "Subscription": "Azure subscription 1"
            },
            "timeouts": null
          },
          "sensitive_attributes": [],
          "identity_schema_version": 0,
          "identity": {
            "name": "dev-tf-web-nsg",
            "resource_group_name": "dev-tf-resources",
            "subscription_id": "ef9223f8-4fc7-4ede-9d2d-65e666aca619"
          },
          "private": "eyJlMmJmYjczMC1lY2FhLTExZTYtOGY4OC0zNDM2M2JjN2M0YzAiOnsiY3JlYXRlIjoxODAwMDAwMDAwMDAwLCJkZWxldGUiOjE4MDAwMDAwMDAwMDAsInJlYWQiOjMwMDAwMDAwMDAwMCwidXBkYXRlIjoxODAwMDAwMDAwMDAwfX0=",
          "dependencies": [
            "azurerm_resource_group.main",
            "data.azurerm_subscription.current"
          ]
        }
      ]
    },
    {
      "mode": "managed",
      "type": "azurerm_resource_group",
      "name": "main",
      "provider": "provider[\"registry.terraform.io/hashicorp/azurerm\"]",
      "instances": [
        {
          "schema_version": 0,
          "attributes": {
            "id": "/subscriptions/ef9223f8-4fc7-4ede-9d2d-65e666aca619/resourceGroups/dev-tf-resources",
            "location": "eastus",
            "managed_by": "",
            "name": "dev-tf-resources",
            "tags": {
              "CostCenter": "cc-5678",
              "Environment": "dev",
              "ManagedBy": "terraform",
              "Name": "dev-tf-resources",
              "Owner": "devops-team",
              "Project": "terraform-improved-demo",
              "Region": "eastus",
              "Subscription": "Azure subscription 1"
            },
            "timeouts": null
          },
          "sensitive_attributes": [],
          "identity_schema_version": 0,
          "identity": {
            "name": "dev-tf-resources",
            "subscription_id": "ef9223f8-4fc7-4ede-9d2d-65e666aca619"
          },
          "private": "eyJlMmJmYjczMC1lY2FhLTExZTYtOGY4OC0zNDM2M2JjN2M0YzAiOnsiY3JlYXRlIjo1NDAwMDAwMDAwMDAwLCJkZWxldGUiOjU0MDAwMDAwMDAwMDAsInJlYWQiOjMwMDAwMDAwMDAwMCwidXBkYXRlIjo1NDAwMDAwMDAwMDAwfX0=",
          "dependencies": [
            "data.azurerm_subscription.current"
          ]
        }
      ]
    },
    {
      "mode": "managed",
      "type": "azurerm_subnet",
      "name": "app",
      "provider": "provider[\"registry.terraform.io/hashicorp/azurerm\"]",
      "instances": [
        {
          "schema_version": 0,
          "attributes": {
            "address_prefixes": [
              "10.0.2.0/24"
            ],
            "default_outbound_access_enabled": true,
            "delegation": [],
            "id": "/subscriptions/ef9223f8-4fc7-4ede-9d2d-65e666aca619/resourceGroups/dev-tf-resources/providers/Microsoft.Network/virtualNetworks/dev-tf-vnet/subnets/dev-tf-app-subnet",
            "ip_address_pool": [],
            "name": "dev-tf-app-subnet",
            "private_endpoint_network_policies": "Disabled",
            "private_link_service_network_policies_enabled": true,
            "resource_group_name": "dev-tf-resources",
            "service_endpoint_policy_ids": null,
            "service_endpoints": null,
            "sharing_scope": "",
            "timeouts": null,
            "virtual_network_name": "dev-tf-vnet"
          },
          "sensitive_attributes": [],
          "identity_schema_version": 0,
          "identity": {
            "name": "dev-tf-app-subnet",
            "resource_group_name": "dev-tf-resources",
            "subscription_id": "ef9223f8-4fc7-4ede-9d2d-65e666aca619",
            "virtual_network_name": "dev-tf-vnet"
          },
          "private": "eyJlMmJmYjczMC1lY2FhLTExZTYtOGY4OC0zNDM2M2JjN2M0YzAiOnsiY3JlYXRlIjoxODAwMDAwMDAwMDAwLCJkZWxldGUiOjE4MDAwMDAwMDAwMDAsInJlYWQiOjMwMDAwMDAwMDAwMCwidXBkYXRlIjoxODAwMDAwMDAwMDAwfX0=",
          "dependencies": [
            "azurerm_resource_group.main",
            "azurerm_virtual_network.main",
            "data.azurerm_subscription.current"
          ]
        }
      ]
    },
    {
      "mode": "managed",
      "type": "azurerm_subnet",
      "name": "db",
      "provider": "provider[\"registry.terraform.io/hashicorp/azurerm\"]",
      "instances": [
        {
          "schema_version": 0,
          "attributes": {
            "address_prefixes": [
              "10.0.3.0/24"
            ],
            "default_outbound_access_enabled": true,
            "delegation": [],
            "id": "/subscriptions/ef9223f8-4fc7-4ede-9d2d-65e666aca619/resourceGroups/dev-tf-resources/providers/Microsoft.Network/virtualNetworks/dev-tf-vnet/subnets/dev-tf-db-subnet",
            "ip_address_pool": [],
            "name": "dev-tf-db-subnet",
            "private_endpoint_network_policies": "Disabled",
            "private_link_service_network_policies_enabled": true,
            "resource_group_name": "dev-tf-resources",
            "service_endpoint_policy_ids": null,
            "service_endpoints": null,
            "sharing_scope": "",
            "timeouts": null,
            "virtual_network_name": "dev-tf-vnet"
          },
          "sensitive_attributes": [],
          "identity_schema_version": 0,
          "identity": {
            "name": "dev-tf-db-subnet",
            "resource_group_name": "dev-tf-resources",
            "subscription_id": "ef9223f8-4fc7-4ede-9d2d-65e666aca619",
            "virtual_network_name": "dev-tf-vnet"
          },
          "private": "eyJlMmJmYjczMC1lY2FhLTExZTYtOGY4OC0zNDM2M2JjN2M0YzAiOnsiY3JlYXRlIjoxODAwMDAwMDAwMDAwLCJkZWxldGUiOjE4MDAwMDAwMDAwMDAsInJlYWQiOjMwMDAwMDAwMDAwMCwidXBkYXRlIjoxODAwMDAwMDAwMDAwfX0=",
          "dependencies": [
            "azurerm_resource_group.main",
            "azurerm_virtual_network.main",
            "data.azurerm_subscription.current"
          ]
        }
      ]
    },
    {
      "mode": "managed",
      "type": "azurerm_subnet",
      "name": "web",
      "provider": "provider[\"registry.terraform.io/hashicorp/azurerm\"]",
      "instances": [
        {
          "schema_version": 0,
          "attributes": {
            "address_prefixes": [
              "10.0.1.0/24"
            ],
            "default_outbound_access_enabled": true,
            "delegation": [],
            "id": "/subscriptions/ef9223f8-4fc7-4ede-9d2d-65e666aca619/resourceGroups/dev-tf-resources/providers/Microsoft.Network/virtualNetworks/dev-tf-vnet/subnets/dev-tf-web-subnet",
            "ip_address_pool": [],
            "name": "dev-tf-web-subnet",
            "private_endpoint_network_policies": "Disabled",
            "private_link_service_network_policies_enabled": true,
            "resource_group_name": "dev-tf-resources",
            "service_endpoint_policy_ids": null,
            "service_endpoints": null,
            "sharing_scope": "",
            "timeouts": null,
            "virtual_network_name": "dev-tf-vnet"
          },
          "sensitive_attributes": [],
          "identity_schema_version": 0,
          "identity": {
            "name": "dev-tf-web-subnet",
            "resource_group_name": "dev-tf-resources",
            "subscription_id": "ef9223f8-4fc7-4ede-9d2d-65e666aca619",
            "virtual_network_name": "dev-tf-vnet"
          },
          "private": "eyJlMmJmYjczMC1lY2FhLTExZTYtOGY4OC0zNDM2M2JjN2M0YzAiOnsiY3JlYXRlIjoxODAwMDAwMDAwMDAwLCJkZWxldGUiOjE4MDAwMDAwMDAwMDAsInJlYWQiOjMwMDAwMDAwMDAwMCwidXBkYXRlIjoxODAwMDAwMDAwMDAwfX0=",
          "dependencies": [
            "azurerm_resource_group.main",
            "azurerm_virtual_network.main",
            "data.azurerm_subscription.current"
          ]
        }
      ]
    },
    {
      "mode": "managed",
      "type": "azurerm_virtual_network",
      "name": "main",
      "provider": "provider[\"registry.terraform.io/hashicorp/azurerm\"]",
      "instances": [
        {
          "schema_version": 0,
          "attributes": {
            "address_space": [
              "10.0.0.0/16"
            ],
            "bgp_community": "",
            "ddos_protection_plan": [],
            "dns_servers": [],
            "edge_zone": "",
            "encryption": [],
            "flow_timeout_in_minutes": 0,
            "guid": "82b1057c-6834-476c-9a28-3826e705ae34",
            "id": "/subscriptions/ef9223f8-4fc7-4ede-9d2d-65e666aca619/resourceGroups/dev-tf-resources/providers/Microsoft.Network/virtualNetworks/dev-tf-vnet",
            "ip_address_pool": [],
            "location": "eastus",
            "name": "dev-tf-vnet",
            "private_endpoint_vnet_policies": "Disabled",
            "resource_group_name": "dev-tf-resources",
            "subnet": [],
            "tags": {
              "CostCenter": "cc-5678",
              "Environment": "dev",
              "ManagedBy": "terraform",
              "Name": "dev-tf-vnet",
              "Owner": "devops-team",
              "Project": "terraform-improved-demo",
              "Region": "eastus",
              "Subscription": "Azure subscription 1"
            },
            "timeouts": null
          },
          "sensitive_attributes": [],
          "identity_schema_version": 0,
          "identity": {
            "name": "dev-tf-vnet",
            "resource_group_name": "dev-tf-resources",
            "subscription_id": "ef9223f8-4fc7-4ede-9d2d-65e666aca619"
          },
          "private": "eyJlMmJmYjczMC1lY2FhLTExZTYtOGY4OC0zNDM2M2JjN2M0YzAiOnsiY3JlYXRlIjoxODAwMDAwMDAwMDAwLCJkZWxldGUiOjE4MDAwMDAwMDAwMDAsInJlYWQiOjMwMDAwMDAwMDAwMCwidXBkYXRlIjoxODAwMDAwMDAwMDAwfX0=",
          "dependencies": [
            "azurerm_resource_group.main",
            "data.azurerm_subscription.current"
          ]
        }
      ]
    }
  ],
  "check_results": null
}
