{
  "version": 4,
  "terraform_version": "1.14.8",
  "serial": 20,
  "lineage": "39eed8d3-c025-b351-fede-e8beb0cdf9c9",
  "outputs": {
    "resource_group_id": {
      "value": "/subscriptions/ef9223f8-4fc7-4ede-9d2d-65e666aca619/resourceGroups/terraform-course",
      "type": "string"
    },
    "vnet_address_space": {
      "value": [
        "10.100.0.0/16"
      ],
      "type": [
        "set",
        "string"
      ]
    },
    "vnet_id": {
      "value": "/subscriptions/ef9223f8-4fc7-4ede-9d2d-65e666aca619/resourceGroups/terraform-course/providers/Microsoft.Network/virtualNetworks/terraform-network",
      "type": "string"
    }
  },
  "resources": [
    {
      "mode": "managed",
      "type": "azurerm_resource_group",
      "name": "main",
      "provider": "provider[\"registry.terraform.io/hashicorp/azurerm\"]",
      "instances": [
        {
          "schema_version": 0,
          "attributes": {
            "id": "/subscriptions/ef9223f8-4fc7-4ede-9d2d-65e666aca619/resourceGroups/terraform-course",
            "location": "polandcentral",
            "managed_by": "",
            "name": "terraform-course",
            "tags": {
              "Author": "olek",
              "Environment": "SIT",
              "Managed_By": "Terraform",
              "Name": "terraform-course"
            },
            "timeouts": null
          },
          "sensitive_attributes": [],
          "identity_schema_version": 0,
          "identity": {
            "name": "terraform-course",
            "subscription_id": "ef9223f8-4fc7-4ede-9d2d-65e666aca619"
          },
          "private": "eyJlMmJmYjczMC1lY2FhLTExZTYtOGY4OC0zNDM2M2JjN2M0YzAiOnsiY3JlYXRlIjo1NDAwMDAwMDAwMDAwLCJkZWxldGUiOjU0MDAwMDAwMDAwMDAsInJlYWQiOjMwMDAwMDAwMDAwMCwidXBkYXRlIjo1NDAwMDAwMDAwMDAwfX0="
        }
      ]
    },
    {
      "mode": "managed",
      "type": "azurerm_virtual_network",
      "name": "main",
      "provider": "provider[\"registry.terraform.io/hashicorp/azurerm\"]",
      "instances": [
        {
          "schema_version": 0,
          "attributes": {
            "address_space": [
              "10.100.0.0/16"
            ],
            "bgp_community": "",
            "ddos_protection_plan": [],
            "dns_servers": [],
            "edge_zone": "",
            "encryption": [],
            "flow_timeout_in_minutes": 0,
            "guid": "142b289d-fb2d-4374-ae41-1a1a7280b650",
            "id": "/subscriptions/ef9223f8-4fc7-4ede-9d2d-65e666aca619/resourceGroups/terraform-course/providers/Microsoft.Network/virtualNetworks/terraform-network",
            "ip_address_pool": [],
            "location": "polandcentral",
            "name": "terraform-network",
            "private_endpoint_vnet_policies": "Disabled",
            "resource_group_name": "terraform-course",
            "subnet": [],
            "tags": {
              "Author": "olek",
              "Environment": "SIT",
              "Managed_By": "Terraform",
              "Name": "terraform-course"
            },
            "timeouts": null
          },
          "sensitive_attributes": [],
          "identity_schema_version": 0,
          "identity": {
            "name": "terraform-network",
            "resource_group_name": "terraform-course",
            "subscription_id": "ef9223f8-4fc7-4ede-9d2d-65e666aca619"
          },
          "private": "eyJlMmJmYjczMC1lY2FhLTExZTYtOGY4OC0zNDM2M2JjN2M0YzAiOnsiY3JlYXRlIjoxODAwMDAwMDAwMDAwLCJkZWxldGUiOjE4MDAwMDAwMDAwMDAsInJlYWQiOjMwMDAwMDAwMDAwMCwidXBkYXRlIjoxODAwMDAwMDAwMDAwfX0=",
          "dependencies": [
            "azurerm_resource_group.main"
          ]
        }
      ]
    }
  ],
  "check_results": null
}
