{
  "version": 4,
  "terraform_version": "1.14.8",
  "serial": 3,
  "lineage": "16cdded0-cac0-8ad1-7849-e76242e2d313",
  "outputs": {
    "location_info": {
      "value": "Poland Central",
      "type": "string"
    },
    "resource_group_id": {
      "value": "/subscriptions/ef9223f8-4fc7-4ede-9d2d-65e666aca619/resourceGroups/development-resources",
      "type": "string"
    },
    "subscription_id": {
      "value": "ef9223f8-4fc7-4ede-9d2d-65e666aca619",
      "type": "string",
      "sensitive": true
    },
    "tenant_id": {
      "value": "97ed48f1-752c-4fb0-84b3-aa047cbd37f6",
      "type": "string",
      "sensitive": true
    }
  },
  "resources": [
    {
      "mode": "data",
      "type": "azurerm_client_config",
      "name": "current",
      "provider": "provider[\"registry.terraform.io/hashicorp/azurerm\"]",
      "instances": [
        {
          "schema_version": 0,
          "attributes": {
            "client_id": "04b07795-8ddb-461a-bbee-02f9e1bf7b46",
            "id": "Y2xpZW50Q29uZmlncy9jbGllbnRJZD0wNGIwNzc5NS04ZGRiLTQ2MWEtYmJlZS0wMmY5ZTFiZjdiNDY7b2JqZWN0SWQ9OTY2OGYwODEtN2M5Ni00NjZiLWJkZmItZmU1NTZlZmQyYTY5O3N1YnNjcmlwdGlvbklkPWVmOTIyM2Y4LTRmYzctNGVkZS05ZDJkLTY1ZTY2NmFjYTYxOTt0ZW5hbnRJZD05N2VkNDhmMS03NTJjLTRmYjAtODRiMy1hYTA0N2NiZDM3ZjY=",
            "object_id": "9668f081-7c96-466b-bdfb-fe556efd2a69",
            "subscription_id": "ef9223f8-4fc7-4ede-9d2d-65e666aca619",
            "tenant_id": "97ed48f1-752c-4fb0-84b3-aa047cbd37f6",
            "timeouts": null
          },
          "sensitive_attributes": [],
          "identity_schema_version": 0
        }
      ]
    },
    {
      "mode": "data",
      "type": "azurerm_location",
      "name": "current",
      "provider": "provider[\"registry.terraform.io/hashicorp/azurerm\"]",
      "instances": [
        {
          "schema_version": 0,
          "attributes": {
            "display_name": "Poland Central",
            "id": "/subscriptions/ef9223f8-4fc7-4ede-9d2d-65e666aca619/locations/polandcentral",
            "location": "polandcentral",
            "timeouts": null,
            "zone_mappings": [
              {
                "logical_zone": "1",
                "physical_zone": "polandcentral-az3"
              },
              {
                "logical_zone": "2",
                "physical_zone": "polandcentral-az1"
              },
              {
                "logical_zone": "3",
                "physical_zone": "polandcentral-az2"
              }
            ]
          },
          "sensitive_attributes": [],
          "identity_schema_version": 0
        }
      ]
    },
    {
      "mode": "data",
      "type": "azurerm_subscription",
      "name": "current",
      "provider": "provider[\"registry.terraform.io/hashicorp/azurerm\"]",
      "instances": [
        {
          "schema_version": 0,
          "attributes": {
            "display_name": "Azure subscription 1",
            "id": "/subscriptions/ef9223f8-4fc7-4ede-9d2d-65e666aca619",
            "location_placement_id": "Public_2014-09-01",
            "quota_id": "PayAsYouGo_2014-09-01",
            "spending_limit": "Off",
            "state": "Enabled",
            "subscription_id": "ef9223f8-4fc7-4ede-9d2d-65e666aca619",
            "tags": {},
            "tenant_id": "97ed48f1-752c-4fb0-84b3-aa047cbd37f6",
            "timeouts": null
          },
          "sensitive_attributes": [],
          "identity_schema_version": 0
        }
      ]
    },
    {
      "mode": "managed",
      "type": "azurerm_resource_group",
      "name": "development",
      "provider": "provider[\"registry.terraform.io/hashicorp/azurerm\"]",
      "instances": [
        {
          "schema_version": 0,
          "attributes": {
            "id": "/subscriptions/ef9223f8-4fc7-4ede-9d2d-65e666aca619/resourceGroups/development-resources",
            "location": "polandcentral",
            "managed_by": "",
            "name": "development-resources",
            "tags": {
              "CreatedBy": "9668f081-7c96-466b-bdfb-fe556efd2a69",
              "Environment": "development",
              "Subscription": "Azure subscription 1"
            },
            "timeouts": null
          },
          "sensitive_attributes": [],
          "identity_schema_version": 0,
          "private": "eyJlMmJmYjczMC1lY2FhLTExZTYtOGY4OC0zNDM2M2JjN2M0YzAiOnsiY3JlYXRlIjo1NDAwMDAwMDAwMDAwLCJkZWxldGUiOjU0MDAwMDAwMDAwMDAsInJlYWQiOjMwMDAwMDAwMDAwMCwidXBkYXRlIjo1NDAwMDAwMDAwMDAwfX0=",
          "dependencies": [
            "data.azurerm_client_config.current",
            "data.azurerm_location.current",
            "data.azurerm_subscription.current"
          ]
        }
      ]
    },
    {
      "mode": "managed",
      "type": "azurerm_virtual_network",
      "name": "development",
      "provider": "provider[\"registry.terraform.io/hashicorp/azurerm\"]",
      "instances": [
        {
          "schema_version": 0,
          "attributes": {
            "address_space": [
              "172.16.0.0/16"
            ],
            "bgp_community": "",
            "ddos_protection_plan": [],
            "dns_servers": [],
            "edge_zone": "",
            "encryption": [],
            "flow_timeout_in_minutes": 0,
            "guid": "55b72bf1-0aec-4f59-bd9e-d4cb06be1795",
            "id": "/subscriptions/ef9223f8-4fc7-4ede-9d2d-65e666aca619/resourceGroups/development-resources/providers/Microsoft.Network/virtualNetworks/development-network",
            "location": "polandcentral",
            "name": "development-network",
            "resource_group_name": "development-resources",
            "subnet": [],
            "tags": {
              "CreatedBy": "ef9223f8-4fc7-4ede-9d2d-65e666aca619-Poland Central",
              "Environment": "development",
              "Location": "Poland Central"
            },
            "timeouts": null
          },
          "sensitive_attributes": [],
          "identity_schema_version": 0,
          "private": "eyJlMmJmYjczMC1lY2FhLTExZTYtOGY4OC0zNDM2M2JjN2M0YzAiOnsiY3JlYXRlIjoxODAwMDAwMDAwMDAwLCJkZWxldGUiOjE4MDAwMDAwMDAwMDAsInJlYWQiOjMwMDAwMDAwMDAwMCwidXBkYXRlIjoxODAwMDAwMDAwMDAwfX0=",
          "dependencies": [
            "azurerm_resource_group.development",
            "data.azurerm_client_config.current",
            "data.azurerm_location.current",
            "data.azurerm_subscription.current"
          ]
        }
      ]
    }
  ],
  "check_results": null
}
